
Microsoft Visual Studio Solution File, Format Version 12.00
# Visual Studio Version 17
VisualStudioVersion = 17.6.33829.357
MinimumVisualStudioVersion = 10.0.40219.1
Project("{9A19103F-16F7-4668-BE54-9A1E7A4F7556}") = "MagicVilla_API", "MagicVilla_API\MagicVilla_API.csproj", "{6EF2E152-A3C5-46DB-AC8B-833D160C3AA6}"
EndProject
Project("{9A19103F-16F7-4668-BE54-9A1E7A4F7556}") = "MagicVilla_Web", "MagicVilla_Web\MagicVilla_Web.csproj", "{EE1F2842-4061-4850-9E0E-B0E50D82AAFE}"
	ProjectSection(ProjectDependencies) = postProject
		{D521CEE3-2E2B-462A-804F-24801A6ACA11} = {D521CEE3-2E2B-462A-804F-24801A6ACA11}
	EndProjectSection
EndProject
Project("{9A19103F-16F7-4668-BE54-9A1E7A4F7556}") = "MagicVilla_Utilidad", "MagicVilla_Utilidad\MagicVilla_Utilidad.csproj", "{D521CEE3-2E2B-462A-804F-24801A6ACA11}"
EndProject
Global
	GlobalSection(SolutionConfigurationPlatforms) = preSolution
		Debug|Any CPU = Debug|Any CPU
		Release|Any CPU = Release|Any CPU
	EndGlobalSection
	GlobalSection(ProjectConfigurationPlatforms) = postSolution
		{6EF2E152-A3C5-46DB-AC8B-833D160C3AA6}.Debug|Any CPU.ActiveCfg = Debug|Any CPU
		{6EF2E152-A3C5-46DB-AC8B-833D160C3AA6}.Debug|Any CPU.Build.0 = Debug|Any CPU
		{6EF2E152-A3C5-46DB-AC8B-833D160C3AA6}.Release|Any CPU.ActiveCfg = Release|Any CPU
		{6EF2E152-A3C5-46DB-AC8B-833D160C3AA6}.Release|Any CPU.Build.0 = Release|Any CPU
		{EE1F2842-4061-4850-9E0E-B0E50D82AAFE}.Debug|Any CPU.ActiveCfg = Debug|Any CPU
		{EE1F2842-4061-4850-9E0E-B0E50D82AAFE}.Debug|Any CPU.Build.0 = Debug|Any CPU
		{EE1F2842-4061-4850-9E0E-B0E50D82AAFE}.Release|Any CPU.ActiveCfg = Release|Any CPU
		{EE1F2842-4061-4850-9E0E-B0E50D82AAFE}.Release|Any CPU.Build.0 = Release|Any CPU
		{D521CEE3-2E2B-462A-804F-24801A6ACA11}.Debug|Any CPU.ActiveCfg = Debug|Any CPU
		{D521CEE3-2E2B-462A-804F-24801A6ACA11}.Debug|Any CPU.Build.0 = Debug|Any CPU
		{D521CEE3-2E2B-462A-804F-24801A6ACA11}.Release|Any CPU.ActiveCfg = Release|Any CPU
		{D521CEE3-2E2B-462A-804F-24801A6ACA11}.Release|Any CPU.Build.0 = Release|Any CPU
	EndGlobalSection
	GlobalSection(SolutionProperties) = preSolution
		HideSolutionNode = FALSE
	EndGlobalSection
	GlobalSection(ExtensibilityGlobals) = postSolution
		SolutionGuid = {60E5F942-4942-483E-874A-90E7A6EE3E11}
	EndGlobalSection
EndGlobal
